
Microsoft Visual Studio Solution File, Format Version 12.00
# Visual Studio Version 17
VisualStudioVersion = 17.3.32825.248
MinimumVisualStudioVersion = 10.0.40219.1
Project("{FAE04EC0-301F-11D3-BF4B-00C04F79EFBC}") = "SegundoParcial", "SegundoParcial\SegundoParcial.csproj", "{C8BA84ED-6C6C-4115-A096-D45E6A6B5BED}"
EndProject
Global
	GlobalSection(SolutionConfigurationPlatforms) = preSolution
		Debug|Any CPU = Debug|Any CPU
		Release|Any CPU = Release|Any CPU
	EndGlobalSection
	GlobalSection(ProjectConfigurationPlatforms) = postSolution
		{C8BA84ED-6C6C-4115-A096-D45E6A6B5BED}.Debug|Any CPU.ActiveCfg = Debug|Any CPU
		{C8BA84ED-6C6C-4115-A096-D45E6A6B5BED}.Debug|Any CPU.Build.0 = Debug|Any CPU
		{C8BA84ED-6C6C-4115-A096-D45E6A6B5BED}.Release|Any CPU.ActiveCfg = Release|Any CPU
		{C8BA84ED-6C6C-4115-A096-D45E6A6B5BED}.Release|Any CPU.Build.0 = Release|Any CPU
	EndGlobalSection
	GlobalSection(SolutionProperties) = preSolution
		HideSolutionNode = FALSE
	EndGlobalSection
	GlobalSection(ExtensibilityGlobals) = postSolution
		SolutionGuid = {E1E76C6B-42B4-4963-BA8E-D9DEAE932FE5}
	EndGlobalSection
EndGlobal
